
Microsoft Visual Studio Solution File, Format Version 12.00
# Visual Studio Version 16
VisualStudioVersion = 16.0.31605.320
MinimumVisualStudioVersion = 10.0.40219.1
Project("{FAE04EC0-301F-11D3-BF4B-00C04F79EFBC}") = "Gambler", "Gambler\Gambler.csproj", "{9FEDA44E-FE94-481A-9726-D32A9C56F988}"
EndProject
Global
	GlobalSection(SolutionConfigurationPlatforms) = preSolution
		Debug|Any CPU = Debug|Any CPU
		Release|Any CPU = Release|Any CPU
	EndGlobalSection
	GlobalSection(ProjectConfigurationPlatforms) = postSolution
		{9FEDA44E-FE94-481A-9726-D32A9C56F988}.Debug|Any CPU.ActiveCfg = Debug|Any CPU
		{9FEDA44E-FE94-481A-9726-D32A9C56F988}.Debug|Any CPU.Build.0 = Debug|Any CPU
		{9FEDA44E-FE94-481A-9726-D32A9C56F988}.Release|Any CPU.ActiveCfg = Release|Any CPU
		{9FEDA44E-FE94-481A-9726-D32A9C56F988}.Release|Any CPU.Build.0 = Release|Any CPU
	EndGlobalSection
	GlobalSection(SolutionProperties) = preSolution
		HideSolutionNode = FALSE
	EndGlobalSection
	GlobalSection(ExtensibilityGlobals) = postSolution
		SolutionGuid = {F6AFD527-7652-487A-B6E2-75FF03BBD886}
	EndGlobalSection
EndGlobal
